
Microsoft Visual Studio Solution File, Format Version 12.00
# Visual Studio Version 16
VisualStudioVersion = 16.0.31424.327
MinimumVisualStudioVersion = 10.0.40219.1
Project("{FAE04EC0-301F-11D3-BF4B-00C04F79EFBC}") = "TopLearn", "TopLearn\TopLearn.csproj", "{F2799455-D8CC-4DA5-BDA9-642903333F8A}"
EndProject
Project("{FAE04EC0-301F-11D3-BF4B-00C04F79EFBC}") = "TopLearn.Core", "TopLearn.Core\TopLearn.Core.csproj", "{2FB5ED91-2894-4828-873D-A870D1BA8C6D}"
EndProject
Project("{FAE04EC0-301F-11D3-BF4B-00C04F79EFBC}") = "TopLearn.Data", "TopLearn.Data\TopLearn.Data.csproj", "{8BE452C3-7265-4897-82C0-C0ED013DF197}"
EndProject
Global
	GlobalSection(SolutionConfigurationPlatforms) = preSolution
		Debug|Any CPU = Debug|Any CPU
		Release|Any CPU = Release|Any CPU
	EndGlobalSection
	GlobalSection(ProjectConfigurationPlatforms) = postSolution
		{F2799455-D8CC-4DA5-BDA9-642903333F8A}.Debug|Any CPU.ActiveCfg = Debug|Any CPU
		{F2799455-D8CC-4DA5-BDA9-642903333F8A}.Debug|Any CPU.Build.0 = Debug|Any CPU
		{F2799455-D8CC-4DA5-BDA9-642903333F8A}.Release|Any CPU.ActiveCfg = Release|Any CPU
		{F2799455-D8CC-4DA5-BDA9-642903333F8A}.Release|Any CPU.Build.0 = Release|Any CPU
		{2FB5ED91-2894-4828-873D-A870D1BA8C6D}.Debug|Any CPU.ActiveCfg = Debug|Any CPU
		{2FB5ED91-2894-4828-873D-A870D1BA8C6D}.Debug|Any CPU.Build.0 = Debug|Any CPU
		{2FB5ED91-2894-4828-873D-A870D1BA8C6D}.Release|Any CPU.ActiveCfg = Release|Any CPU
		{2FB5ED91-2894-4828-873D-A870D1BA8C6D}.Release|Any CPU.Build.0 = Release|Any CPU
		{8BE452C3-7265-4897-82C0-C0ED013DF197}.Debug|Any CPU.ActiveCfg = Debug|Any CPU
		{8BE452C3-7265-4897-82C0-C0ED013DF197}.Debug|Any CPU.Build.0 = Debug|Any CPU
		{8BE452C3-7265-4897-82C0-C0ED013DF197}.Release|Any CPU.ActiveCfg = Release|Any CPU
		{8BE452C3-7265-4897-82C0-C0ED013DF197}.Release|Any CPU.Build.0 = Release|Any CPU
	EndGlobalSection
	GlobalSection(SolutionProperties) = preSolution
		HideSolutionNode = FALSE
	EndGlobalSection
	GlobalSection(ExtensibilityGlobals) = postSolution
		SolutionGuid = {EAF87DA8-32AA-4BBF-A45D-B4E55F0A9A22}
	EndGlobalSection
EndGlobal
